
Microsoft Visual Studio Solution File, Format Version 12.00
# Visual Studio 2013
VisualStudioVersion = 12.0.21005.1
MinimumVisualStudioVersion = 10.0.40219.1
Project("{FAE04EC0-301F-11D3-BF4B-00C04F79EFBC}") = "01_ReverseNumbers", "01_ReverseNumbers\01_ReverseNumbers.csproj", "{A9A89D7D-C9E7-4A73-8FD7-7433DBC4332E}"
EndProject
Project("{FAE04EC0-301F-11D3-BF4B-00C04F79EFBC}") = "02_CalculateSequence", "02_CalculateSequence\02_CalculateSequence.csproj", "{994EF3B5-9AF7-45CC-935B-D67D1B31C3AF}"
EndProject
Project("{FAE04EC0-301F-11D3-BF4B-00C04F79EFBC}") = "03_Array-BasedStack", "03_Array-BasedStack\03_Array-BasedStack.csproj", "{C24099C5-BBBD-412E-9A0C-39EFC5164479}"
EndProject
Project("{FAE04EC0-301F-11D3-BF4B-00C04F79EFBC}") = "04_Array-BasedStack.Tests", "03_Array-BasedStack.Tests\04_Array-BasedStack.Tests.csproj", "{9896656F-407F-435E-A296-13A725CE4FF0}"
EndProject
Project("{FAE04EC0-301F-11D3-BF4B-00C04F79EFBC}") = "05_LinkedStack", "05_LinkedStack\05_LinkedStack.csproj", "{98AB0F21-BCDB-4B0A-91F9-2CC28BE54BC1}"
EndProject
Project("{FAE04EC0-301F-11D3-BF4B-00C04F79EFBC}") = "06_LinkedStack.Tests", "06_LinkedStack.Tests\06_LinkedStack.Tests.csproj", "{8E397860-CBC4-438A-978A-8F3DA649E9C9}"
EndProject
Project("{FAE04EC0-301F-11D3-BF4B-00C04F79EFBC}") = "07_LinkedQueue", "07_LinkedQueue\07_LinkedQueue.csproj", "{36A53334-47D9-483B-A5B6-4E5CA93D7959}"
EndProject
Project("{FAE04EC0-301F-11D3-BF4B-00C04F79EFBC}") = "08_LinkedQueue.Tests", "08_LinkedQueue.Tests\08_LinkedQueue.Tests.csproj", "{652BB7A7-FB5C-4EC3-81F8-59DAC84B1845}"
EndProject
Global
	GlobalSection(SolutionConfigurationPlatforms) = preSolution
		Debug|Any CPU = Debug|Any CPU
		Release|Any CPU = Release|Any CPU
	EndGlobalSection
	GlobalSection(ProjectConfigurationPlatforms) = postSolution
		{A9A89D7D-C9E7-4A73-8FD7-7433DBC4332E}.Debug|Any CPU.ActiveCfg = Debug|Any CPU
		{A9A89D7D-C9E7-4A73-8FD7-7433DBC4332E}.Debug|Any CPU.Build.0 = Debug|Any CPU
		{A9A89D7D-C9E7-4A73-8FD7-7433DBC4332E}.Release|Any CPU.ActiveCfg = Release|Any CPU
		{A9A89D7D-C9E7-4A73-8FD7-7433DBC4332E}.Release|Any CPU.Build.0 = Release|Any CPU
		{994EF3B5-9AF7-45CC-935B-D67D1B31C3AF}.Debug|Any CPU.ActiveCfg = Debug|Any CPU
		{994EF3B5-9AF7-45CC-935B-D67D1B31C3AF}.Debug|Any CPU.Build.0 = Debug|Any CPU
		{994EF3B5-9AF7-45CC-935B-D67D1B31C3AF}.Release|Any CPU.ActiveCfg = Release|Any CPU
		{994EF3B5-9AF7-45CC-935B-D67D1B31C3AF}.Release|Any CPU.Build.0 = Release|Any CPU
		{C24099C5-BBBD-412E-9A0C-39EFC5164479}.Debug|Any CPU.ActiveCfg = Debug|Any CPU
		{C24099C5-BBBD-412E-9A0C-39EFC5164479}.Debug|Any CPU.Build.0 = Debug|Any CPU
		{C24099C5-BBBD-412E-9A0C-39EFC5164479}.Release|Any CPU.ActiveCfg = Release|Any CPU
		{C24099C5-BBBD-412E-9A0C-39EFC5164479}.Release|Any CPU.Build.0 = Release|Any CPU
		{9896656F-407F-435E-A296-13A725CE4FF0}.Debug|Any CPU.ActiveCfg = Debug|Any CPU
		{9896656F-407F-435E-A296-13A725CE4FF0}.Debug|Any CPU.Build.0 = Debug|Any CPU
		{9896656F-407F-435E-A296-13A725CE4FF0}.Release|Any CPU.ActiveCfg = Release|Any CPU
		{9896656F-407F-435E-A296-13A725CE4FF0}.Release|Any CPU.Build.0 = Release|Any CPU
		{98AB0F21-BCDB-4B0A-91F9-2CC28BE54BC1}.Debug|Any CPU.ActiveCfg = Debug|Any CPU
		{98AB0F21-BCDB-4B0A-91F9-2CC28BE54BC1}.Debug|Any CPU.Build.0 = Debug|Any CPU
		{98AB0F21-BCDB-4B0A-91F9-2CC28BE54BC1}.Release|Any CPU.ActiveCfg = Release|Any CPU
		{98AB0F21-BCDB-4B0A-91F9-2CC28BE54BC1}.Release|Any CPU.Build.0 = Release|Any CPU
		{8E397860-CBC4-438A-978A-8F3DA649E9C9}.Debug|Any CPU.ActiveCfg = Debug|Any CPU
		{8E397860-CBC4-438A-978A-8F3DA649E9C9}.Debug|Any CPU.Build.0 = Debug|Any CPU
		{8E397860-CBC4-438A-978A-8F3DA649E9C9}.Release|Any CPU.ActiveCfg = Release|Any CPU
		{8E397860-CBC4-438A-978A-8F3DA649E9C9}.Release|Any CPU.Build.0 = Release|Any CPU
		{36A53334-47D9-483B-A5B6-4E5CA93D7959}.Debug|Any CPU.ActiveCfg = Debug|Any CPU
		{36A53334-47D9-483B-A5B6-4E5CA93D7959}.Debug|Any CPU.Build.0 = Debug|Any CPU
		{36A53334-47D9-483B-A5B6-4E5CA93D7959}.Release|Any CPU.ActiveCfg = Release|Any CPU
		{36A53334-47D9-483B-A5B6-4E5CA93D7959}.Release|Any CPU.Build.0 = Release|Any CPU
		{652BB7A7-FB5C-4EC3-81F8-59DAC84B1845}.Debug|Any CPU.ActiveCfg = Debug|Any CPU
		{652BB7A7-FB5C-4EC3-81F8-59DAC84B1845}.Debug|Any CPU.Build.0 = Debug|Any CPU
		{652BB7A7-FB5C-4EC3-81F8-59DAC84B1845}.Release|Any CPU.ActiveCfg = Release|Any CPU
		{652BB7A7-FB5C-4EC3-81F8-59DAC84B1845}.Release|Any CPU.Build.0 = Release|Any CPU
	EndGlobalSection
	GlobalSection(SolutionProperties) = preSolution
		HideSolutionNode = FALSE
	EndGlobalSection
EndGlobal
